
Microsoft Visual Studio Solution File, Format Version 12.00
# Visual Studio Version 17
VisualStudioVersion = 17.14.36121.58 d17.14
MinimumVisualStudioVersion = 10.0.40219.1
Project("{8BC9CEB8-8B4A-11D0-8D11-00A0C91BC942}") = "250605_HW02", "250605_HW02.vcxproj", "{F8BCE448-85B3-4E36-9E81-F37F733D7E6C}"
EndProject
Global
	GlobalSection(SolutionConfigurationPlatforms) = preSolution
		Debug|x64 = Debug|x64
		Debug|x86 = Debug|x86
		Release|x64 = Release|x64
		Release|x86 = Release|x86
	EndGlobalSection
	GlobalSection(ProjectConfigurationPlatforms) = postSolution
		{F8BCE448-85B3-4E36-9E81-F37F733D7E6C}.Debug|x64.ActiveCfg = Debug|x64
		{F8BCE448-85B3-4E36-9E81-F37F733D7E6C}.Debug|x64.Build.0 = Debug|x64
		{F8BCE448-85B3-4E36-9E81-F37F733D7E6C}.Debug|x86.ActiveCfg = Debug|Win32
		{F8BCE448-85B3-4E36-9E81-F37F733D7E6C}.Debug|x86.Build.0 = Debug|Win32
		{F8BCE448-85B3-4E36-9E81-F37F733D7E6C}.Release|x64.ActiveCfg = Release|x64
		{F8BCE448-85B3-4E36-9E81-F37F733D7E6C}.Release|x64.Build.0 = Release|x64
		{F8BCE448-85B3-4E36-9E81-F37F733D7E6C}.Release|x86.ActiveCfg = Release|Win32
		{F8BCE448-85B3-4E36-9E81-F37F733D7E6C}.Release|x86.Build.0 = Release|Win32
	EndGlobalSection
	GlobalSection(SolutionProperties) = preSolution
		HideSolutionNode = FALSE
	EndGlobalSection
	GlobalSection(ExtensibilityGlobals) = postSolution
		SolutionGuid = {DA02BFA7-1235-480C-A66F-4FA13265F07A}
	EndGlobalSection
EndGlobal
